
Microsoft Visual Studio Solution File, Format Version 12.00
# Visual Studio Version 16
VisualStudioVersion = 16.0.31019.35
MinimumVisualStudioVersion = 10.0.40219.1
Project("{FAE04EC0-301F-11D3-BF4B-00C04F79EFBC}") = "Biblioteca", "Biblioteca\Biblioteca.csproj", "{3D0645A2-D1E1-4203-A1F1-847041A9F081}"
EndProject
Global
	GlobalSection(SolutionConfigurationPlatforms) = preSolution
		Debug|Any CPU = Debug|Any CPU
		Release|Any CPU = Release|Any CPU
	EndGlobalSection
	GlobalSection(ProjectConfigurationPlatforms) = postSolution
		{3D0645A2-D1E1-4203-A1F1-847041A9F081}.Debug|Any CPU.ActiveCfg = Debug|Any CPU
		{3D0645A2-D1E1-4203-A1F1-847041A9F081}.Debug|Any CPU.Build.0 = Debug|Any CPU
		{3D0645A2-D1E1-4203-A1F1-847041A9F081}.Release|Any CPU.ActiveCfg = Release|Any CPU
		{3D0645A2-D1E1-4203-A1F1-847041A9F081}.Release|Any CPU.Build.0 = Release|Any CPU
	EndGlobalSection
	GlobalSection(SolutionProperties) = preSolution
		HideSolutionNode = FALSE
	EndGlobalSection
	GlobalSection(ExtensibilityGlobals) = postSolution
		SolutionGuid = {398DBA22-8045-4301-B866-A48F65F99FF6}
	EndGlobalSection
EndGlobal
